{
  "name": "frontend$",
  "lockfileVersion": 3,
  "requires": true,
  "packages": {
    "": {
      "dependencies": {
        "banana-store": "file:.."
      }
    },
    "..": {
      "version": "1.0.0",
      "license": "ISC",
      "dependencies": {
        "cross-env": "^7.0.3",
        "express": "^5.1.0",
        "mongoose": "^8.13.2"
      },
      "devDependencies": {
        "dotenv": "^16.5.0",
        "nodemon": "^3.1.9"
      }
    },
    "node_modules/banana-store": {
      "resolved": "..",
      "link": true
    }
  }
}
